
Microsoft Visual Studio Solution File, Format Version 12.00
# Visual Studio 15
VisualStudioVersion = 15.0.28307.572
MinimumVisualStudioVersion = 10.0.40219.1
Project("{FAE04EC0-301F-11D3-BF4B-00C04F79EFBC}") = "AHAS.PO.SERVICE.APPLICATION", "src\AHAS.PO.SERVICE.APPLICATION\AHAS.PO.SERVICE.APPLICATION.csproj", "{DE22C579-2EFE-412A-A7F9-1115A2379A28}"
EndProject
Project("{FAE04EC0-301F-11D3-BF4B-00C04F79EFBC}") = "AHAS.PO.LOGIC.DOMAIN", "src\AHAS.PO.LOGIC.DOMAIN\AHAS.PO.LOGIC.DOMAIN.csproj", "{7663448F-7E24-44B1-8A17-158A9C7B2987}"
EndProject
Project("{FAE04EC0-301F-11D3-BF4B-00C04F79EFBC}") = "AHAS.PO.INFRA.DATA", "src\AHAS.PO.INFRA.DATA\AHAS.PO.INFRA.DATA.csproj", "{3516B12C-F963-42C7-8BC9-3EEFBF556A60}"
EndProject
Project("{FAE04EC0-301F-11D3-BF4B-00C04F79EFBC}") = "AHAS.PO.UI.SITE", "src\AHAS.PO.UI.SITE\AHAS.PO.UI.SITE.csproj", "{292F60F4-9813-4912-A683-5D051FAF440F}"
EndProject
Project("{FAE04EC0-301F-11D3-BF4B-00C04F79EFBC}") = "AHAS.PO.SERVICE.REST.API", "src\AHAS.PO.SERVICE.REST.API\AHAS.PO.SERVICE.REST.API.csproj", "{B78B87B6-C7CA-447D-A3F2-C79FDAEDC8D8}"
EndProject
Project("{FAE04EC0-301F-11D3-BF4B-00C04F79EFBC}") = "AHAS.PO.INFRA.CROSS.DIP", "src\AHAS.PO.INFRA.CROSS.DIP\AHAS.PO.INFRA.CROSS.DIP.csproj", "{96B09789-CC1C-44FF-9BBC-790901C0F14A}"
EndProject
Project("{FAE04EC0-301F-11D3-BF4B-00C04F79EFBC}") = "AHAS.PO.INFRA.CROSS.IDENTITY", "src\AHAS.PO.INFRA.CROSS.IDENTITY\AHAS.PO.INFRA.CROSS.IDENTITY.csproj", "{D63F35A1-9B91-407C-922B-3A47DD8CB383}"
EndProject
Global
	GlobalSection(SolutionConfigurationPlatforms) = preSolution
		Debug|Any CPU = Debug|Any CPU
		Release|Any CPU = Release|Any CPU
	EndGlobalSection
	GlobalSection(ProjectConfigurationPlatforms) = postSolution
		{DE22C579-2EFE-412A-A7F9-1115A2379A28}.Debug|Any CPU.ActiveCfg = Debug|Any CPU
		{DE22C579-2EFE-412A-A7F9-1115A2379A28}.Debug|Any CPU.Build.0 = Debug|Any CPU
		{DE22C579-2EFE-412A-A7F9-1115A2379A28}.Release|Any CPU.ActiveCfg = Release|Any CPU
		{DE22C579-2EFE-412A-A7F9-1115A2379A28}.Release|Any CPU.Build.0 = Release|Any CPU
		{7663448F-7E24-44B1-8A17-158A9C7B2987}.Debug|Any CPU.ActiveCfg = Debug|Any CPU
		{7663448F-7E24-44B1-8A17-158A9C7B2987}.Debug|Any CPU.Build.0 = Debug|Any CPU
		{7663448F-7E24-44B1-8A17-158A9C7B2987}.Release|Any CPU.ActiveCfg = Release|Any CPU
		{7663448F-7E24-44B1-8A17-158A9C7B2987}.Release|Any CPU.Build.0 = Release|Any CPU
		{3516B12C-F963-42C7-8BC9-3EEFBF556A60}.Debug|Any CPU.ActiveCfg = Debug|Any CPU
		{3516B12C-F963-42C7-8BC9-3EEFBF556A60}.Debug|Any CPU.Build.0 = Debug|Any CPU
		{3516B12C-F963-42C7-8BC9-3EEFBF556A60}.Release|Any CPU.ActiveCfg = Release|Any CPU
		{3516B12C-F963-42C7-8BC9-3EEFBF556A60}.Release|Any CPU.Build.0 = Release|Any CPU
		{292F60F4-9813-4912-A683-5D051FAF440F}.Debug|Any CPU.ActiveCfg = Debug|Any CPU
		{292F60F4-9813-4912-A683-5D051FAF440F}.Debug|Any CPU.Build.0 = Debug|Any CPU
		{292F60F4-9813-4912-A683-5D051FAF440F}.Release|Any CPU.ActiveCfg = Release|Any CPU
		{292F60F4-9813-4912-A683-5D051FAF440F}.Release|Any CPU.Build.0 = Release|Any CPU
		{B78B87B6-C7CA-447D-A3F2-C79FDAEDC8D8}.Debug|Any CPU.ActiveCfg = Debug|Any CPU
		{B78B87B6-C7CA-447D-A3F2-C79FDAEDC8D8}.Debug|Any CPU.Build.0 = Debug|Any CPU
		{B78B87B6-C7CA-447D-A3F2-C79FDAEDC8D8}.Release|Any CPU.ActiveCfg = Release|Any CPU
		{B78B87B6-C7CA-447D-A3F2-C79FDAEDC8D8}.Release|Any CPU.Build.0 = Release|Any CPU
		{96B09789-CC1C-44FF-9BBC-790901C0F14A}.Debug|Any CPU.ActiveCfg = Debug|Any CPU
		{96B09789-CC1C-44FF-9BBC-790901C0F14A}.Debug|Any CPU.Build.0 = Debug|Any CPU
		{96B09789-CC1C-44FF-9BBC-790901C0F14A}.Release|Any CPU.ActiveCfg = Release|Any CPU
		{96B09789-CC1C-44FF-9BBC-790901C0F14A}.Release|Any CPU.Build.0 = Release|Any CPU
		{D63F35A1-9B91-407C-922B-3A47DD8CB383}.Debug|Any CPU.ActiveCfg = Debug|Any CPU
		{D63F35A1-9B91-407C-922B-3A47DD8CB383}.Debug|Any CPU.Build.0 = Debug|Any CPU
		{D63F35A1-9B91-407C-922B-3A47DD8CB383}.Release|Any CPU.ActiveCfg = Release|Any CPU
		{D63F35A1-9B91-407C-922B-3A47DD8CB383}.Release|Any CPU.Build.0 = Release|Any CPU
	EndGlobalSection
	GlobalSection(SolutionProperties) = preSolution
		HideSolutionNode = FALSE
	EndGlobalSection
	GlobalSection(ExtensibilityGlobals) = postSolution
		SolutionGuid = {9262C6DF-9096-42AA-B325-FA31B99A3F81}
	EndGlobalSection
EndGlobal
